
Microsoft Visual Studio Solution File, Format Version 12.00
# Visual Studio Version 17
VisualStudioVersion = 17.6.33801.468
MinimumVisualStudioVersion = 10.0.40219.1
Project("{FAE04EC0-301F-11D3-BF4B-00C04F79EFBC}") = "Facility", "Facility\Facility.csproj", "{F5F7D4E6-9B74-4F57-8E00-6BDACDFF1CD5}"
EndProject
Project("{FAE04EC0-301F-11D3-BF4B-00C04F79EFBC}") = "Facility.DataAccess", "Facility.DataAccess\Facility.DataAccess.csproj", "{E6EC5E09-E85D-47A8-8B5A-5F43A24B5553}"
EndProject
Project("{FAE04EC0-301F-11D3-BF4B-00C04F79EFBC}") = "Facility.Services", "Facility.Services\Facility.Services.csproj", "{B0B45A27-F467-40B8-815B-ACE51F578929}"
EndProject
Global
	GlobalSection(SolutionConfigurationPlatforms) = preSolution
		Debug|Any CPU = Debug|Any CPU
		Release|Any CPU = Release|Any CPU
	EndGlobalSection
	GlobalSection(ProjectConfigurationPlatforms) = postSolution
		{F5F7D4E6-9B74-4F57-8E00-6BDACDFF1CD5}.Debug|Any CPU.ActiveCfg = Debug|Any CPU
		{F5F7D4E6-9B74-4F57-8E00-6BDACDFF1CD5}.Debug|Any CPU.Build.0 = Debug|Any CPU
		{F5F7D4E6-9B74-4F57-8E00-6BDACDFF1CD5}.Release|Any CPU.ActiveCfg = Release|Any CPU
		{F5F7D4E6-9B74-4F57-8E00-6BDACDFF1CD5}.Release|Any CPU.Build.0 = Release|Any CPU
		{E6EC5E09-E85D-47A8-8B5A-5F43A24B5553}.Debug|Any CPU.ActiveCfg = Debug|Any CPU
		{E6EC5E09-E85D-47A8-8B5A-5F43A24B5553}.Debug|Any CPU.Build.0 = Debug|Any CPU
		{E6EC5E09-E85D-47A8-8B5A-5F43A24B5553}.Release|Any CPU.ActiveCfg = Release|Any CPU
		{E6EC5E09-E85D-47A8-8B5A-5F43A24B5553}.Release|Any CPU.Build.0 = Release|Any CPU
		{B0B45A27-F467-40B8-815B-ACE51F578929}.Debug|Any CPU.ActiveCfg = Debug|Any CPU
		{B0B45A27-F467-40B8-815B-ACE51F578929}.Debug|Any CPU.Build.0 = Debug|Any CPU
		{B0B45A27-F467-40B8-815B-ACE51F578929}.Release|Any CPU.ActiveCfg = Release|Any CPU
		{B0B45A27-F467-40B8-815B-ACE51F578929}.Release|Any CPU.Build.0 = Release|Any CPU
	EndGlobalSection
	GlobalSection(SolutionProperties) = preSolution
		HideSolutionNode = FALSE
	EndGlobalSection
	GlobalSection(ExtensibilityGlobals) = postSolution
		SolutionGuid = {90C293D1-A3FD-4F88-A36F-CE790D047A89}
	EndGlobalSection
EndGlobal
